
Microsoft Visual Studio Solution File, Format Version 12.00
# Visual Studio Version 17
VisualStudioVersion = 17.4.33205.214
MinimumVisualStudioVersion = 10.0.40219.1
Project("{FAE04EC0-301F-11D3-BF4B-00C04F79EFBC}") = "Arrays23", "Arrays23\Arrays23.csproj", "{2E04688B-DC12-4B4C-9EC6-1C226A3161A1}"
EndProject
Global
	GlobalSection(SolutionConfigurationPlatforms) = preSolution
		Debug|Any CPU = Debug|Any CPU
		Release|Any CPU = Release|Any CPU
	EndGlobalSection
	GlobalSection(ProjectConfigurationPlatforms) = postSolution
		{2E04688B-DC12-4B4C-9EC6-1C226A3161A1}.Debug|Any CPU.ActiveCfg = Debug|Any CPU
		{2E04688B-DC12-4B4C-9EC6-1C226A3161A1}.Debug|Any CPU.Build.0 = Debug|Any CPU
		{2E04688B-DC12-4B4C-9EC6-1C226A3161A1}.Release|Any CPU.ActiveCfg = Release|Any CPU
		{2E04688B-DC12-4B4C-9EC6-1C226A3161A1}.Release|Any CPU.Build.0 = Release|Any CPU
	EndGlobalSection
	GlobalSection(SolutionProperties) = preSolution
		HideSolutionNode = FALSE
	EndGlobalSection
	GlobalSection(ExtensibilityGlobals) = postSolution
		SolutionGuid = {ACC4F6AE-C89C-4997-A157-02BAF1FEAC53}
	EndGlobalSection
EndGlobal
